
Microsoft Visual Studio Solution File, Format Version 12.00
# Visual Studio Version 17
VisualStudioVersion = 17.6.33723.286
MinimumVisualStudioVersion = 10.0.40219.1
Project("{9A19103F-16F7-4668-BE54-9A1E7A4F7556}") = "EmailApp", "EmailApp\EmailApp.csproj", "{CB9E9ED6-EE09-4F67-BA45-295894B2DBEE}"
EndProject
Project("{9A19103F-16F7-4668-BE54-9A1E7A4F7556}") = "CustomerService", "CustomerService\src\CustomerService\CustomerService.csproj", "{951A3938-9FD0-40C0-B337-FB7FDAF7E9E8}"
EndProject
Project("{2150E333-8FDC-42A3-9474-1A3956D46DE8}") = "Infrastructure", "Infrastructure", "{E60935DE-86E3-40FD-AF90-1314A00407A8}"
EndProject
Project("{FAE04EC0-301F-11D3-BF4B-00C04F79EFBC}") = "FileDBOperations", "FileDBOperations\FileDBOperations.csproj", "{BFBB7A7A-2949-4CEA-82EE-2AC30A1858EC}"
EndProject
Global
	GlobalSection(SolutionConfigurationPlatforms) = preSolution
		Debug|Any CPU = Debug|Any CPU
		Release|Any CPU = Release|Any CPU
	EndGlobalSection
	GlobalSection(ProjectConfigurationPlatforms) = postSolution
		{CB9E9ED6-EE09-4F67-BA45-295894B2DBEE}.Debug|Any CPU.ActiveCfg = Debug|Any CPU
		{CB9E9ED6-EE09-4F67-BA45-295894B2DBEE}.Debug|Any CPU.Build.0 = Debug|Any CPU
		{CB9E9ED6-EE09-4F67-BA45-295894B2DBEE}.Release|Any CPU.ActiveCfg = Release|Any CPU
		{CB9E9ED6-EE09-4F67-BA45-295894B2DBEE}.Release|Any CPU.Build.0 = Release|Any CPU
		{951A3938-9FD0-40C0-B337-FB7FDAF7E9E8}.Debug|Any CPU.ActiveCfg = Debug|Any CPU
		{951A3938-9FD0-40C0-B337-FB7FDAF7E9E8}.Debug|Any CPU.Build.0 = Debug|Any CPU
		{951A3938-9FD0-40C0-B337-FB7FDAF7E9E8}.Release|Any CPU.ActiveCfg = Release|Any CPU
		{951A3938-9FD0-40C0-B337-FB7FDAF7E9E8}.Release|Any CPU.Build.0 = Release|Any CPU
		{BFBB7A7A-2949-4CEA-82EE-2AC30A1858EC}.Debug|Any CPU.ActiveCfg = Debug|Any CPU
		{BFBB7A7A-2949-4CEA-82EE-2AC30A1858EC}.Debug|Any CPU.Build.0 = Debug|Any CPU
		{BFBB7A7A-2949-4CEA-82EE-2AC30A1858EC}.Release|Any CPU.ActiveCfg = Release|Any CPU
		{BFBB7A7A-2949-4CEA-82EE-2AC30A1858EC}.Release|Any CPU.Build.0 = Release|Any CPU
	EndGlobalSection
	GlobalSection(SolutionProperties) = preSolution
		HideSolutionNode = FALSE
	EndGlobalSection
	GlobalSection(ExtensibilityGlobals) = postSolution
		SolutionGuid = {5C40E443-3F76-4396-ADDF-A03A9DD0C11F}
	EndGlobalSection
EndGlobal
